// !$*UTF8*$!
{
	archiveVersion = 1;
	classes = {
	};
	objectVersion = 77;
	objects = {

/* Begin PBXBuildFile section */
		019DA8B69F9303A895B4E5A5 /* BridgeServer.swift in Sources */ = {isa = PBXBuildFile; fileRef = 2FD37A1518CA6BC6C91462F0 /* BridgeServer.swift */; };
		03D85DB50A0167E0E0361009 /* TaskFerryApp.swift in Sources */ = {isa = PBXBuildFile; fileRef = C6CB77C66C0D9D02A5CE4FBD /* TaskFerryApp.swift */; };
		07C7D422EC5FE4EE51F3FBC8 /* CloudflareModels.swift in Sources */ = {isa = PBXBuildFile; fileRef = 14931A8D7EE4CFA217D04514 /* CloudflareModels.swift */; };
		0AE39A8C6052D8549BC5D91A /* Assets.xcassets in Resources */ = {isa = PBXBuildFile; fileRef = 3B0CAE150460FCEF57F1476C /* Assets.xcassets */; };
		1038DA6E95E524F84B539FB9 /* Models.swift in Sources */ = {isa = PBXBuildFile; fileRef = 089F88EF1D818C5FAA3BCBED /* Models.swift */; };
		125DA0BE7D79D586EF8F4AD8 /* EventKitReminderService.swift in Sources */ = {isa = PBXBuildFile; fileRef = D0E81B612719438FCA73F950 /* EventKitReminderService.swift */; };
		1494A6C9ED1DAC1AEF256E0E /* ReminderUndoTests.swift in Sources */ = {isa = PBXBuildFile; fileRef = 8A98D7CB49461178A8D7A902 /* ReminderUndoTests.swift */; };
		1997E5404B0AEC358DE72827 /* ReminderEditSession.swift in Sources */ = {isa = PBXBuildFile; fileRef = 20FA28251C07E784FA766CE0 /* ReminderEditSession.swift */; };
		1AF06B81E5CD3ED2288CC848 /* KeychainStore.swift in Sources */ = {isa = PBXBuildFile; fileRef = D4B236A4AD5F5AFF69F2FA19 /* KeychainStore.swift */; };
		1B74507B888D54FC1AC84041 /* DemoIsolationTests.swift in Sources */ = {isa = PBXBuildFile; fileRef = E5A9153BCB020203F5078687 /* DemoIsolationTests.swift */; };
		2758D8D63208F994FB8C4218 /* DemoReminderServiceTests.swift in Sources */ = {isa = PBXBuildFile; fileRef = 0862A6022F701A784D25BD47 /* DemoReminderServiceTests.swift */; };
		29513C903C9A522C30F14C3E /* MenuRootView.swift in Sources */ = {isa = PBXBuildFile; fileRef = 5BF6290C6B74AEC75C990D52 /* MenuRootView.swift */; };
		2DE89CA26E323292ADBAC168 /* BridgeServer.swift in Sources */ = {isa = PBXBuildFile; fileRef = 2FD37A1518CA6BC6C91462F0 /* BridgeServer.swift */; };
		320340A1A2576C9626FC5138 /* ReminderEditSessionTests.swift in Sources */ = {isa = PBXBuildFile; fileRef = 8448DBA85C5A45652FD81D18 /* ReminderEditSessionTests.swift */; };
		331D68E426A507C9820BB001 /* BridgeTokenTests.swift in Sources */ = {isa = PBXBuildFile; fileRef = FAF8E926CF285ABECAE72C01 /* BridgeTokenTests.swift */; };
		33E2C016D284FD4FA8F06763 /* ReminderEditSession.swift in Sources */ = {isa = PBXBuildFile; fileRef = 20FA28251C07E784FA766CE0 /* ReminderEditSession.swift */; };
		345B0169000F29C43930EDCD /* Models.swift in Sources */ = {isa = PBXBuildFile; fileRef = 089F88EF1D818C5FAA3BCBED /* Models.swift */; };
		3536FB1D4DC136361C402B0A /* CredentialStoreTests.swift in Sources */ = {isa = PBXBuildFile; fileRef = BCD6BCBB679D119D6A82AFD5 /* CredentialStoreTests.swift */; };
		3758D69A02A06CA667C2DC6B /* BridgeServerIntegrationTests.swift in Sources */ = {isa = PBXBuildFile; fileRef = 17F6E528AAF8880091DCBE0F /* BridgeServerIntegrationTests.swift */; };
		385A5F1D577D4B3156E0A10F /* ReminderService.swift in Sources */ = {isa = PBXBuildFile; fileRef = AC41129763EBE01D6A625BBD /* ReminderService.swift */; };
		3B18B11D0A030BBA15951BA2 /* Pasteboard.swift in Sources */ = {isa = PBXBuildFile; fileRef = 9D29BDF8DAB2B1F9950C6D93 /* Pasteboard.swift */; };
		3F08DBEB2EAC14B05BFBC2B9 /* WindowRouter.swift in Sources */ = {isa = PBXBuildFile; fileRef = 03C666FD1D25AE51374C8E09 /* WindowRouter.swift */; };
		42941DCF8A89F95A7A5F41BD /* DemoReminderService.swift in Sources */ = {isa = PBXBuildFile; fileRef = CE2DD54FA0E8DB25016F0009 /* DemoReminderService.swift */; };
		4D20FE0623130C553BBBE44B /* SnapshotCache.swift in Sources */ = {isa = PBXBuildFile; fileRef = D91048A09C2CA2FD1A989923 /* SnapshotCache.swift */; };
		4EAC55537DF9CE105F6647E6 /* QuickEntryView.swift in Sources */ = {isa = PBXBuildFile; fileRef = 8B65434108D6E8108BD12A74 /* QuickEntryView.swift */; };
		4FFD5FAEA672A96C4AA98F21 /* TaskFerryRuntime.swift in Sources */ = {isa = PBXBuildFile; fileRef = D52A7B083D1BA2B9D93C32A0 /* TaskFerryRuntime.swift */; };
		5315BF8EB1A3E531F71BBFE5 /* KeychainStore.swift in Sources */ = {isa = PBXBuildFile; fileRef = D4B236A4AD5F5AFF69F2FA19 /* KeychainStore.swift */; };
		55C7A0722A9A58FF97E6C702 /* RemoteConfiguration.swift in Sources */ = {isa = PBXBuildFile; fileRef = F507EC0C94EEC57C2551AB71 /* RemoteConfiguration.swift */; };
		55EA72E0684B701949631C43 /* QuickEntryPanelController.swift in Sources */ = {isa = PBXBuildFile; fileRef = 02639A061AD6B1D7DC367DAF /* QuickEntryPanelController.swift */; };
		577B7095F8D46939D2093AA7 /* RemoteConfigurationTests.swift in Sources */ = {isa = PBXBuildFile; fileRef = 3CAEB6CE963CBCE4C64D6BD6 /* RemoteConfigurationTests.swift */; };
		59A182624B1D47885EB65699 /* CloudflareSetupView.swift in Sources */ = {isa = PBXBuildFile; fileRef = DA0EB6D5A1517A666AC25788 /* CloudflareSetupView.swift */; };
		5ECDE37D0A09C19EDB9E7688 /* ReminderDetailView.swift in Sources */ = {isa = PBXBuildFile; fileRef = 4F88C908376F5B52C56E1F9B /* ReminderDetailView.swift */; };
		60139F50181F73F7F9C34D5B /* UpdateManager.swift in Sources */ = {isa = PBXBuildFile; fileRef = 0A48421F551E6D43793CFE8E /* UpdateManager.swift */; };
		611CA3FB9E6CA3C3D09A43E2 /* ReminderOperationCoordinator.swift in Sources */ = {isa = PBXBuildFile; fileRef = 9F6988989C67F49EDDEF55A2 /* ReminderOperationCoordinator.swift */; };
		61AFAAC7AB8674A99503BF6F /* Credits.rtf in Resources */ = {isa = PBXBuildFile; fileRef = 0CE6CCA0DD41D67E216A2067 /* Credits.rtf */; };
		632C43D8160611B1D4FF3207 /* ServicesProvider.swift in Sources */ = {isa = PBXBuildFile; fileRef = 0325FA4416ECE8345C20E6B9 /* ServicesProvider.swift */; };
		635F25F0AA2AD2FB3D605B65 /* ReminderPresentation.swift in Sources */ = {isa = PBXBuildFile; fileRef = CD8477AD2D1D161E619CACA2 /* ReminderPresentation.swift */; };
		66F5008EA4F91DC992D690B7 /* TaskFerryRuntime.swift in Sources */ = {isa = PBXBuildFile; fileRef = D52A7B083D1BA2B9D93C32A0 /* TaskFerryRuntime.swift */; };
		6B20BCDD8A0AB7BC45913B63 /* SnapshotCache.swift in Sources */ = {isa = PBXBuildFile; fileRef = D91048A09C2CA2FD1A989923 /* SnapshotCache.swift */; };
		6C0229996D94D09A067DE55B /* RemindersWorkspaceView.swift in Sources */ = {isa = PBXBuildFile; fileRef = 7BA43021B55744BC69F34B30 /* RemindersWorkspaceView.swift */; };
		751AEF40ABC428A4188B7108 /* Sparkle in Frameworks */ = {isa = PBXBuildFile; productRef = 9BDB648E3C2CA1E7A4CC907B /* Sparkle */; };
		759C0A0C64285C39BA1C8E61 /* ProtocolTests.swift in Sources */ = {isa = PBXBuildFile; fileRef = 0A142AD5432BD3D7F07A8768 /* ProtocolTests.swift */; };
		76C95316DC0973F18C5790E0 /* RemoteReminderService.swift in Sources */ = {isa = PBXBuildFile; fileRef = 7A35921E8BB4328C52C89308 /* RemoteReminderService.swift */; };
		7DC03AD5AD1C39CBA4D1CE74 /* AppState.swift in Sources */ = {isa = PBXBuildFile; fileRef = DA7850D8573A89B198AFD83E /* AppState.swift */; };
		83F9F9BBC2AE59F4CD0F5A01 /* ReminderOperationCoordinator.swift in Sources */ = {isa = PBXBuildFile; fileRef = 9F6988989C67F49EDDEF55A2 /* ReminderOperationCoordinator.swift */; };
		851AD0D4B8C07FE30EA9412E /* CloudflareAPIClient.swift in Sources */ = {isa = PBXBuildFile; fileRef = 9EDFF46F3B1E234ACE1B9D97 /* CloudflareAPIClient.swift */; };
		8918D1DF896DBCBB169D1606 /* CloudflareAPIClient.swift in Sources */ = {isa = PBXBuildFile; fileRef = 9EDFF46F3B1E234ACE1B9D97 /* CloudflareAPIClient.swift */; };
		8AC29D14F204E4EECCDA4863 /* cloudflared-LICENSE in Resources */ = {isa = PBXBuildFile; fileRef = 9D97A5F95CA51751BE9EC7F2 /* cloudflared-LICENSE */; };
		9032C35F6E06A12A8ADD629C /* SettingsView.swift in Sources */ = {isa = PBXBuildFile; fileRef = C890C6B4795075390038A326 /* SettingsView.swift */; };
		931A84C3686629DCC7464B0B /* ReminderUndo.swift in Sources */ = {isa = PBXBuildFile; fileRef = 83C07DA1F653DCF20220AAF2 /* ReminderUndo.swift */; };
		96C1BEED124B32F2E3EC1ACE /* ReminderNotificationScheduler.swift in Sources */ = {isa = PBXBuildFile; fileRef = 76D3851DB285BEA89945F17B /* ReminderNotificationScheduler.swift */; };
		971DD854DD2C55F0E7F8A32F /* CredentialStore.swift in Sources */ = {isa = PBXBuildFile; fileRef = 439D6E88D4070EB863DD8279 /* CredentialStore.swift */; };
		9DF8CAB1820D7C3EB204F689 /* ReminderNotificationPlan.swift in Sources */ = {isa = PBXBuildFile; fileRef = 9EB79CFEDAD370307BCCE317 /* ReminderNotificationPlan.swift */; };
		A08264617B8C9577C605913C /* ReminderNotificationPlan.swift in Sources */ = {isa = PBXBuildFile; fileRef = 9EB79CFEDAD370307BCCE317 /* ReminderNotificationPlan.swift */; };
		A12E488D755416D3440C41C5 /* AppState.swift in Sources */ = {isa = PBXBuildFile; fileRef = DA7850D8573A89B198AFD83E /* AppState.swift */; };
		A365DA4E95FCF86A6F8DC094 /* CloudflareOAuthClient.swift in Sources */ = {isa = PBXBuildFile; fileRef = 55ABD56FC51E50ECB96678D8 /* CloudflareOAuthClient.swift */; };
		AAA32510EFAD3A5287839414 /* CredentialStore.swift in Sources */ = {isa = PBXBuildFile; fileRef = 439D6E88D4070EB863DD8279 /* CredentialStore.swift */; };
		AFA58BD43FDE8A083FC67AB1 /* ListEditorSheet.swift in Sources */ = {isa = PBXBuildFile; fileRef = 64F546C3E708667FF321FD0F /* ListEditorSheet.swift */; };
		B26B1D52B0A67BD4A006169D /* CloudflareTunnelConnector.swift in Sources */ = {isa = PBXBuildFile; fileRef = A3D0B6804D0812C4E25388A0 /* CloudflareTunnelConnector.swift */; };
		B8B180C52C549F6FDEE7B6C2 /* RequestLedger.swift in Sources */ = {isa = PBXBuildFile; fileRef = 3727109685D129BB1288DA51 /* RequestLedger.swift */; };
		BA2344E69EDE38626F17C077 /* ReliabilityTests.swift in Sources */ = {isa = PBXBuildFile; fileRef = 1D1C27B37CB3983980FF4A52 /* ReliabilityTests.swift */; };
		C61908B77BF3ADEC599B2915 /* DemoReminderService.swift in Sources */ = {isa = PBXBuildFile; fileRef = CE2DD54FA0E8DB25016F0009 /* DemoReminderService.swift */; };
		CB6D43C933CE91E6150B098C /* CloudflareOAuthClient.swift in Sources */ = {isa = PBXBuildFile; fileRef = 55ABD56FC51E50ECB96678D8 /* CloudflareOAuthClient.swift */; };
		CB7199DBB8559C40A5B7E28B /* RemoteResponseTests.swift in Sources */ = {isa = PBXBuildFile; fileRef = 1F6088535CD32B9C816E9F2B /* RemoteResponseTests.swift */; };
		D1EB965E65AE3F3206B64A8A /* CloudflareModels.swift in Sources */ = {isa = PBXBuildFile; fileRef = 14931A8D7EE4CFA217D04514 /* CloudflareModels.swift */; };
		D48C3A3DEDFEF7DB8B6EAB80 /* ReminderDueTests.swift in Sources */ = {isa = PBXBuildFile; fileRef = DC9BAB42F919A6F4DDE3F4D6 /* ReminderDueTests.swift */; };
		DA35B2A48EA79949271C1BAA /* TaskFerryURL.swift in Sources */ = {isa = PBXBuildFile; fileRef = C0D8A31A625D40F1F46273FE /* TaskFerryURL.swift */; };
		DB1D3069BEF832B5105ADDB7 /* cloudflared in CopyFiles */ = {isa = PBXBuildFile; fileRef = 5E8F21B5DE1B27F9ED4DC03C /* cloudflared */; };
		DC13AC1AFD27D56AF5B30A88 /* RequestLedger.swift in Sources */ = {isa = PBXBuildFile; fileRef = 3727109685D129BB1288DA51 /* RequestLedger.swift */; };
		E01CC0B263CFE3D76956CF34 /* EventKitReminderService.swift in Sources */ = {isa = PBXBuildFile; fileRef = D0E81B612719438FCA73F950 /* EventKitReminderService.swift */; };
		E172146E8E790D4D37CF7B20 /* CloudflareTests.swift in Sources */ = {isa = PBXBuildFile; fileRef = 83EC11A6BDE300EF3C284C27 /* CloudflareTests.swift */; };
		E4206DBA96F9592C0BBDA32F /* TaskFerryTheme.swift in Sources */ = {isa = PBXBuildFile; fileRef = D4C2A03A5876B98B51FB3ED2 /* TaskFerryTheme.swift */; };
		E8B654C2DB0AC36967245EBB /* ReminderOperationCoordinatorTests.swift in Sources */ = {isa = PBXBuildFile; fileRef = B15D7D2F904CFB4AD3407593 /* ReminderOperationCoordinatorTests.swift */; };
		EACEBEE9B6E5EAC5BDD3A044 /* TaskFerryIntents.swift in Sources */ = {isa = PBXBuildFile; fileRef = 7143F01D8249E1B0835A302B /* TaskFerryIntents.swift */; };
		EE6D3B8D0B7E2FE25C0512BE /* RemoteReminderService.swift in Sources */ = {isa = PBXBuildFile; fileRef = 7A35921E8BB4328C52C89308 /* RemoteReminderService.swift */; };
		EEA9FF5882EED6956073BFE0 /* ReminderService.swift in Sources */ = {isa = PBXBuildFile; fileRef = AC41129763EBE01D6A625BBD /* ReminderService.swift */; };
		F0B937752ED20EED3C02059E /* GlobalHotKey.swift in Sources */ = {isa = PBXBuildFile; fileRef = FFEC0BC0BBAC79A314445D73 /* GlobalHotKey.swift */; };
		F11A50F22A415A64B966B785 /* CloudflareTunnelConnector.swift in Sources */ = {isa = PBXBuildFile; fileRef = A3D0B6804D0812C4E25388A0 /* CloudflareTunnelConnector.swift */; };
		F3D28366C540A872F5CB4D06 /* AppStateTests.swift in Sources */ = {isa = PBXBuildFile; fileRef = 38E8840EF7BFF9853B10184D /* AppStateTests.swift */; };
		F47299184C2F870E0B03566F /* RemoteConfiguration.swift in Sources */ = {isa = PBXBuildFile; fileRef = F507EC0C94EEC57C2551AB71 /* RemoteConfiguration.swift */; };
		FA8AEA41EBEF47EFB2984699 /* ReminderUndo.swift in Sources */ = {isa = PBXBuildFile; fileRef = 83C07DA1F653DCF20220AAF2 /* ReminderUndo.swift */; };
		FCFA73213FFBBE9E42B1643C /* TaskFerryURL.swift in Sources */ = {isa = PBXBuildFile; fileRef = C0D8A31A625D40F1F46273FE /* TaskFerryURL.swift */; };
/* End PBXBuildFile section */

/* Begin PBXCopyFilesBuildPhase section */
		DC04F2A6C3B955A2661E53DC /* CopyFiles */ = {
			isa = PBXCopyFilesBuildPhase;
			buildActionMask = 2147483647;
			dstPath = "";
			dstSubfolderSpec = 6;
			files = (
				DB1D3069BEF832B5105ADDB7 /* cloudflared in CopyFiles */,
			);
			runOnlyForDeploymentPostprocessing = 0;
		};
/* End PBXCopyFilesBuildPhase section */

/* Begin PBXFileReference section */
		02639A061AD6B1D7DC367DAF /* QuickEntryPanelController.swift */ = {isa = PBXFileReference; lastKnownFileType = sourcecode.swift; path = QuickEntryPanelController.swift; sourceTree = "<group>"; };
		0325FA4416ECE8345C20E6B9 /* ServicesProvider.swift */ = {isa = PBXFileReference; lastKnownFileType = sourcecode.swift; path = ServicesProvider.swift; sourceTree = "<group>"; };
		03C666FD1D25AE51374C8E09 /* WindowRouter.swift */ = {isa = PBXFileReference; lastKnownFileType = sourcecode.swift; path = WindowRouter.swift; sourceTree = "<group>"; };
		0862A6022F701A784D25BD47 /* DemoReminderServiceTests.swift */ = {isa = PBXFileReference; lastKnownFileType = sourcecode.swift; path = DemoReminderServiceTests.swift; sourceTree = "<group>"; };
		089F88EF1D818C5FAA3BCBED /* Models.swift */ = {isa = PBXFileReference; lastKnownFileType = sourcecode.swift; path = Models.swift; sourceTree = "<group>"; };
		0A142AD5432BD3D7F07A8768 /* ProtocolTests.swift */ = {isa = PBXFileReference; lastKnownFileType = sourcecode.swift; path = ProtocolTests.swift; sourceTree = "<group>"; };
		0A48421F551E6D43793CFE8E /* UpdateManager.swift */ = {isa = PBXFileReference; lastKnownFileType = sourcecode.swift; path = UpdateManager.swift; sourceTree = "<group>"; };
		0CE6CCA0DD41D67E216A2067 /* Credits.rtf */ = {isa = PBXFileReference; lastKnownFileType = text.rtf; path = Credits.rtf; sourceTree = "<group>"; };
		14931A8D7EE4CFA217D04514 /* CloudflareModels.swift */ = {isa = PBXFileReference; lastKnownFileType = sourcecode.swift; path = CloudflareModels.swift; sourceTree = "<group>"; };
		17F6E528AAF8880091DCBE0F /* BridgeServerIntegrationTests.swift */ = {isa = PBXFileReference; lastKnownFileType = sourcecode.swift; path = BridgeServerIntegrationTests.swift; sourceTree = "<group>"; };
		1D1C27B37CB3983980FF4A52 /* ReliabilityTests.swift */ = {isa = PBXFileReference; lastKnownFileType = sourcecode.swift; path = ReliabilityTests.swift; sourceTree = "<group>"; };
		1F6088535CD32B9C816E9F2B /* RemoteResponseTests.swift */ = {isa = PBXFileReference; lastKnownFileType = sourcecode.swift; path = RemoteResponseTests.swift; sourceTree = "<group>"; };
		20FA28251C07E784FA766CE0 /* ReminderEditSession.swift */ = {isa = PBXFileReference; lastKnownFileType = sourcecode.swift; path = ReminderEditSession.swift; sourceTree = "<group>"; };
		2FD37A1518CA6BC6C91462F0 /* BridgeServer.swift */ = {isa = PBXFileReference; lastKnownFileType = sourcecode.swift; path = BridgeServer.swift; sourceTree = "<group>"; };
		3727109685D129BB1288DA51 /* RequestLedger.swift */ = {isa = PBXFileReference; lastKnownFileType = sourcecode.swift; path = RequestLedger.swift; sourceTree = "<group>"; };
		38D57A550FC237BC4319BCC7 /* TaskFerryTests.xctest */ = {isa = PBXFileReference; explicitFileType = wrapper.cfbundle; includeInIndex = 0; path = TaskFerryTests.xctest; sourceTree = BUILT_PRODUCTS_DIR; };
		38E8840EF7BFF9853B10184D /* AppStateTests.swift */ = {isa = PBXFileReference; lastKnownFileType = sourcecode.swift; path = AppStateTests.swift; sourceTree = "<group>"; };
		3B0CAE150460FCEF57F1476C /* Assets.xcassets */ = {isa = PBXFileReference; lastKnownFileType = folder.assetcatalog; path = Assets.xcassets; sourceTree = "<group>"; };
		3CAEB6CE963CBCE4C64D6BD6 /* RemoteConfigurationTests.swift */ = {isa = PBXFileReference; lastKnownFileType = sourcecode.swift; path = RemoteConfigurationTests.swift; sourceTree = "<group>"; };
		439D6E88D4070EB863DD8279 /* CredentialStore.swift */ = {isa = PBXFileReference; lastKnownFileType = sourcecode.swift; path = CredentialStore.swift; sourceTree = "<group>"; };
		4F88C908376F5B52C56E1F9B /* ReminderDetailView.swift */ = {isa = PBXFileReference; lastKnownFileType = sourcecode.swift; path = ReminderDetailView.swift; sourceTree = "<group>"; };
		55ABD56FC51E50ECB96678D8 /* CloudflareOAuthClient.swift */ = {isa = PBXFileReference; lastKnownFileType = sourcecode.swift; path = CloudflareOAuthClient.swift; sourceTree = "<group>"; };
		5BF6290C6B74AEC75C990D52 /* MenuRootView.swift */ = {isa = PBXFileReference; lastKnownFileType = sourcecode.swift; path = MenuRootView.swift; sourceTree = "<group>"; };
		5E8F21B5DE1B27F9ED4DC03C /* cloudflared */ = {isa = PBXFileReference; path = cloudflared; sourceTree = "<group>"; };
		64F546C3E708667FF321FD0F /* ListEditorSheet.swift */ = {isa = PBXFileReference; lastKnownFileType = sourcecode.swift; path = ListEditorSheet.swift; sourceTree = "<group>"; };
		6CE2147564AB064353F50CA0 /* TaskFerry.app */ = {isa = PBXFileReference; explicitFileType = wrapper.application; includeInIndex = 0; path = TaskFerry.app; sourceTree = BUILT_PRODUCTS_DIR; };
		7143F01D8249E1B0835A302B /* TaskFerryIntents.swift */ = {isa = PBXFileReference; lastKnownFileType = sourcecode.swift; path = TaskFerryIntents.swift; sourceTree = "<group>"; };
		76D3851DB285BEA89945F17B /* ReminderNotificationScheduler.swift */ = {isa = PBXFileReference; lastKnownFileType = sourcecode.swift; path = ReminderNotificationScheduler.swift; sourceTree = "<group>"; };
		7A35921E8BB4328C52C89308 /* RemoteReminderService.swift */ = {isa = PBXFileReference; lastKnownFileType = sourcecode.swift; path = RemoteReminderService.swift; sourceTree = "<group>"; };
		7BA43021B55744BC69F34B30 /* RemindersWorkspaceView.swift */ = {isa = PBXFileReference; lastKnownFileType = sourcecode.swift; path = RemindersWorkspaceView.swift; sourceTree = "<group>"; };
		7C7F811C8F527C18E0C0ACFF /* Info.plist */ = {isa = PBXFileReference; lastKnownFileType = text.plist; path = Info.plist; sourceTree = "<group>"; };
		83C07DA1F653DCF20220AAF2 /* ReminderUndo.swift */ = {isa = PBXFileReference; lastKnownFileType = sourcecode.swift; path = ReminderUndo.swift; sourceTree = "<group>"; };
		83EC11A6BDE300EF3C284C27 /* CloudflareTests.swift */ = {isa = PBXFileReference; lastKnownFileType = sourcecode.swift; path = CloudflareTests.swift; sourceTree = "<group>"; };
		8448DBA85C5A45652FD81D18 /* ReminderEditSessionTests.swift */ = {isa = PBXFileReference; lastKnownFileType = sourcecode.swift; path = ReminderEditSessionTests.swift; sourceTree = "<group>"; };
		8A98D7CB49461178A8D7A902 /* ReminderUndoTests.swift */ = {isa = PBXFileReference; lastKnownFileType = sourcecode.swift; path = ReminderUndoTests.swift; sourceTree = "<group>"; };
		8B65434108D6E8108BD12A74 /* QuickEntryView.swift */ = {isa = PBXFileReference; lastKnownFileType = sourcecode.swift; path = QuickEntryView.swift; sourceTree = "<group>"; };
		9D29BDF8DAB2B1F9950C6D93 /* Pasteboard.swift */ = {isa = PBXFileReference; lastKnownFileType = sourcecode.swift; path = Pasteboard.swift; sourceTree = "<group>"; };
		9D97A5F95CA51751BE9EC7F2 /* cloudflared-LICENSE */ = {isa = PBXFileReference; path = "cloudflared-LICENSE"; sourceTree = "<group>"; };
		9EB79CFEDAD370307BCCE317 /* ReminderNotificationPlan.swift */ = {isa = PBXFileReference; lastKnownFileType = sourcecode.swift; path = ReminderNotificationPlan.swift; sourceTree = "<group>"; };
		9EDFF46F3B1E234ACE1B9D97 /* CloudflareAPIClient.swift */ = {isa = PBXFileReference; lastKnownFileType = sourcecode.swift; path = CloudflareAPIClient.swift; sourceTree = "<group>"; };
		9F6988989C67F49EDDEF55A2 /* ReminderOperationCoordinator.swift */ = {isa = PBXFileReference; lastKnownFileType = sourcecode.swift; path = ReminderOperationCoordinator.swift; sourceTree = "<group>"; };
		A3D0B6804D0812C4E25388A0 /* CloudflareTunnelConnector.swift */ = {isa = PBXFileReference; lastKnownFileType = sourcecode.swift; path = CloudflareTunnelConnector.swift; sourceTree = "<group>"; };
		A61CE4D480A804C09D970DAB /* Info-Direct.plist */ = {isa = PBXFileReference; lastKnownFileType = text.plist; path = "Info-Direct.plist"; sourceTree = "<group>"; };
		AC41129763EBE01D6A625BBD /* ReminderService.swift */ = {isa = PBXFileReference; lastKnownFileType = sourcecode.swift; path = ReminderService.swift; sourceTree = "<group>"; };
		B15D7D2F904CFB4AD3407593 /* ReminderOperationCoordinatorTests.swift */ = {isa = PBXFileReference; lastKnownFileType = sourcecode.swift; path = ReminderOperationCoordinatorTests.swift; sourceTree = "<group>"; };
		BCD6BCBB679D119D6A82AFD5 /* CredentialStoreTests.swift */ = {isa = PBXFileReference; lastKnownFileType = sourcecode.swift; path = CredentialStoreTests.swift; sourceTree = "<group>"; };
		C0D8A31A625D40F1F46273FE /* TaskFerryURL.swift */ = {isa = PBXFileReference; lastKnownFileType = sourcecode.swift; path = TaskFerryURL.swift; sourceTree = "<group>"; };
		C6CB77C66C0D9D02A5CE4FBD /* TaskFerryApp.swift */ = {isa = PBXFileReference; lastKnownFileType = sourcecode.swift; path = TaskFerryApp.swift; sourceTree = "<group>"; };
		C890C6B4795075390038A326 /* SettingsView.swift */ = {isa = PBXFileReference; lastKnownFileType = sourcecode.swift; path = SettingsView.swift; sourceTree = "<group>"; };
		CD8477AD2D1D161E619CACA2 /* ReminderPresentation.swift */ = {isa = PBXFileReference; lastKnownFileType = sourcecode.swift; path = ReminderPresentation.swift; sourceTree = "<group>"; };
		CE2DD54FA0E8DB25016F0009 /* DemoReminderService.swift */ = {isa = PBXFileReference; lastKnownFileType = sourcecode.swift; path = DemoReminderService.swift; sourceTree = "<group>"; };
		D0E81B612719438FCA73F950 /* EventKitReminderService.swift */ = {isa = PBXFileReference; lastKnownFileType = sourcecode.swift; path = EventKitReminderService.swift; sourceTree = "<group>"; };
		D4B236A4AD5F5AFF69F2FA19 /* KeychainStore.swift */ = {isa = PBXFileReference; lastKnownFileType = sourcecode.swift; path = KeychainStore.swift; sourceTree = "<group>"; };
		D4C2A03A5876B98B51FB3ED2 /* TaskFerryTheme.swift */ = {isa = PBXFileReference; lastKnownFileType = sourcecode.swift; path = TaskFerryTheme.swift; sourceTree = "<group>"; };
		D52A7B083D1BA2B9D93C32A0 /* TaskFerryRuntime.swift */ = {isa = PBXFileReference; lastKnownFileType = sourcecode.swift; path = TaskFerryRuntime.swift; sourceTree = "<group>"; };
		D91048A09C2CA2FD1A989923 /* SnapshotCache.swift */ = {isa = PBXFileReference; lastKnownFileType = sourcecode.swift; path = SnapshotCache.swift; sourceTree = "<group>"; };
		DA0EB6D5A1517A666AC25788 /* CloudflareSetupView.swift */ = {isa = PBXFileReference; lastKnownFileType = sourcecode.swift; path = CloudflareSetupView.swift; sourceTree = "<group>"; };
		DA7850D8573A89B198AFD83E /* AppState.swift */ = {isa = PBXFileReference; lastKnownFileType = sourcecode.swift; path = AppState.swift; sourceTree = "<group>"; };
		DC9BAB42F919A6F4DDE3F4D6 /* ReminderDueTests.swift */ = {isa = PBXFileReference; lastKnownFileType = sourcecode.swift; path = ReminderDueTests.swift; sourceTree = "<group>"; };
		E5A9153BCB020203F5078687 /* DemoIsolationTests.swift */ = {isa = PBXFileReference; lastKnownFileType = sourcecode.swift; path = DemoIsolationTests.swift; sourceTree = "<group>"; };
		EB0F14CB5D185CF4FAC95DFA /* TaskFerry-Direct.entitlements */ = {isa = PBXFileReference; lastKnownFileType = text.plist.entitlements; path = "TaskFerry-Direct.entitlements"; sourceTree = "<group>"; };
		EB3A64D3DB7D0A3BA9578886 /* TaskFerry.entitlements */ = {isa = PBXFileReference; lastKnownFileType = text.plist.entitlements; path = TaskFerry.entitlements; sourceTree = "<group>"; };
		F507EC0C94EEC57C2551AB71 /* RemoteConfiguration.swift */ = {isa = PBXFileReference; lastKnownFileType = sourcecode.swift; path = RemoteConfiguration.swift; sourceTree = "<group>"; };
		FAF8E926CF285ABECAE72C01 /* BridgeTokenTests.swift */ = {isa = PBXFileReference; lastKnownFileType = sourcecode.swift; path = BridgeTokenTests.swift; sourceTree = "<group>"; };
		FFEC0BC0BBAC79A314445D73 /* GlobalHotKey.swift */ = {isa = PBXFileReference; lastKnownFileType = sourcecode.swift; path = GlobalHotKey.swift; sourceTree = "<group>"; };
/* End PBXFileReference section */

/* Begin PBXFrameworksBuildPhase section */
		91B6BEA1D0EC0DBE1BC52C4A /* Frameworks */ = {
			isa = PBXFrameworksBuildPhase;
			buildActionMask = 2147483647;
			files = (
				751AEF40ABC428A4188B7108 /* Sparkle in Frameworks */,
			);
			runOnlyForDeploymentPostprocessing = 0;
		};
/* End PBXFrameworksBuildPhase section */

/* Begin PBXGroup section */
		02E6F38D4C201F7FA7088D17 /* TaskFerryTests */ = {
			isa = PBXGroup;
			children = (
				38E8840EF7BFF9853B10184D /* AppStateTests.swift */,
				17F6E528AAF8880091DCBE0F /* BridgeServerIntegrationTests.swift */,
				FAF8E926CF285ABECAE72C01 /* BridgeTokenTests.swift */,
				83EC11A6BDE300EF3C284C27 /* CloudflareTests.swift */,
				BCD6BCBB679D119D6A82AFD5 /* CredentialStoreTests.swift */,
				E5A9153BCB020203F5078687 /* DemoIsolationTests.swift */,
				0862A6022F701A784D25BD47 /* DemoReminderServiceTests.swift */,
				0A142AD5432BD3D7F07A8768 /* ProtocolTests.swift */,
				1D1C27B37CB3983980FF4A52 /* ReliabilityTests.swift */,
				DC9BAB42F919A6F4DDE3F4D6 /* ReminderDueTests.swift */,
				8448DBA85C5A45652FD81D18 /* ReminderEditSessionTests.swift */,
				B15D7D2F904CFB4AD3407593 /* ReminderOperationCoordinatorTests.swift */,
				8A98D7CB49461178A8D7A902 /* ReminderUndoTests.swift */,
				3CAEB6CE963CBCE4C64D6BD6 /* RemoteConfigurationTests.swift */,
				1F6088535CD32B9C816E9F2B /* RemoteResponseTests.swift */,
			);
			path = TaskFerryTests;
			sourceTree = "<group>";
		};
		24F71B68F26E03934CC56F20 /* TaskFerry */ = {
			isa = PBXGroup;
			children = (
				DA7850D8573A89B198AFD83E /* AppState.swift */,
				3B0CAE150460FCEF57F1476C /* Assets.xcassets */,
				0CE6CCA0DD41D67E216A2067 /* Credits.rtf */,
				A61CE4D480A804C09D970DAB /* Info-Direct.plist */,
				7C7F811C8F527C18E0C0ACFF /* Info.plist */,
				EB0F14CB5D185CF4FAC95DFA /* TaskFerry-Direct.entitlements */,
				EB3A64D3DB7D0A3BA9578886 /* TaskFerry.entitlements */,
				C6CB77C66C0D9D02A5CE4FBD /* TaskFerryApp.swift */,
				396F17CFC4613B2B2F882230 /* App */,
				ED85F286406116515754D929 /* Models */,
				FCAA375EE1503C7014685625 /* Services */,
				4882AA82BCB20E76FA98B1F2 /* Views */,
			);
			path = TaskFerry;
			sourceTree = "<group>";
		};
		396F17CFC4613B2B2F882230 /* App */ = {
			isa = PBXGroup;
			children = (
				FFEC0BC0BBAC79A314445D73 /* GlobalHotKey.swift */,
				9D29BDF8DAB2B1F9950C6D93 /* Pasteboard.swift */,
				02639A061AD6B1D7DC367DAF /* QuickEntryPanelController.swift */,
				76D3851DB285BEA89945F17B /* ReminderNotificationScheduler.swift */,
				0325FA4416ECE8345C20E6B9 /* ServicesProvider.swift */,
				7143F01D8249E1B0835A302B /* TaskFerryIntents.swift */,
				03C666FD1D25AE51374C8E09 /* WindowRouter.swift */,
			);
			path = App;
			sourceTree = "<group>";
		};
		3CD2DAC7A9C087AD5B593D6F = {
			isa = PBXGroup;
			children = (
				459FCA3F7ACC19F046EAA061 /* cloudflared */,
				24F71B68F26E03934CC56F20 /* TaskFerry */,
				02E6F38D4C201F7FA7088D17 /* TaskFerryTests */,
				DECCA17EBEE7111C2D45738D /* Products */,
			);
			sourceTree = "<group>";
		};
		459FCA3F7ACC19F046EAA061 /* cloudflared */ = {
			isa = PBXGroup;
			children = (
				5E8F21B5DE1B27F9ED4DC03C /* cloudflared */,
				9D97A5F95CA51751BE9EC7F2 /* cloudflared-LICENSE */,
			);
			name = cloudflared;
			path = .vendor/cloudflared;
			sourceTree = "<group>";
		};
		4882AA82BCB20E76FA98B1F2 /* Views */ = {
			isa = PBXGroup;
			children = (
				DA0EB6D5A1517A666AC25788 /* CloudflareSetupView.swift */,
				64F546C3E708667FF321FD0F /* ListEditorSheet.swift */,
				5BF6290C6B74AEC75C990D52 /* MenuRootView.swift */,
				8B65434108D6E8108BD12A74 /* QuickEntryView.swift */,
				4F88C908376F5B52C56E1F9B /* ReminderDetailView.swift */,
				CD8477AD2D1D161E619CACA2 /* ReminderPresentation.swift */,
				7BA43021B55744BC69F34B30 /* RemindersWorkspaceView.swift */,
				C890C6B4795075390038A326 /* SettingsView.swift */,
				D4C2A03A5876B98B51FB3ED2 /* TaskFerryTheme.swift */,
			);
			path = Views;
			sourceTree = "<group>";
		};
		DECCA17EBEE7111C2D45738D /* Products */ = {
			isa = PBXGroup;
			children = (
				6CE2147564AB064353F50CA0 /* TaskFerry.app */,
				38D57A550FC237BC4319BCC7 /* TaskFerryTests.xctest */,
			);
			name = Products;
			sourceTree = "<group>";
		};
		ED85F286406116515754D929 /* Models */ = {
			isa = PBXGroup;
			children = (
				14931A8D7EE4CFA217D04514 /* CloudflareModels.swift */,
				089F88EF1D818C5FAA3BCBED /* Models.swift */,
				F507EC0C94EEC57C2551AB71 /* RemoteConfiguration.swift */,
			);
			path = Models;
			sourceTree = "<group>";
		};
		FCAA375EE1503C7014685625 /* Services */ = {
			isa = PBXGroup;
			children = (
				2FD37A1518CA6BC6C91462F0 /* BridgeServer.swift */,
				9EDFF46F3B1E234ACE1B9D97 /* CloudflareAPIClient.swift */,
				55ABD56FC51E50ECB96678D8 /* CloudflareOAuthClient.swift */,
				A3D0B6804D0812C4E25388A0 /* CloudflareTunnelConnector.swift */,
				439D6E88D4070EB863DD8279 /* CredentialStore.swift */,
				CE2DD54FA0E8DB25016F0009 /* DemoReminderService.swift */,
				D0E81B612719438FCA73F950 /* EventKitReminderService.swift */,
				D4B236A4AD5F5AFF69F2FA19 /* KeychainStore.swift */,
				20FA28251C07E784FA766CE0 /* ReminderEditSession.swift */,
				9EB79CFEDAD370307BCCE317 /* ReminderNotificationPlan.swift */,
				9F6988989C67F49EDDEF55A2 /* ReminderOperationCoordinator.swift */,
				AC41129763EBE01D6A625BBD /* ReminderService.swift */,
				83C07DA1F653DCF20220AAF2 /* ReminderUndo.swift */,
				7A35921E8BB4328C52C89308 /* RemoteReminderService.swift */,
				3727109685D129BB1288DA51 /* RequestLedger.swift */,
				D91048A09C2CA2FD1A989923 /* SnapshotCache.swift */,
				D52A7B083D1BA2B9D93C32A0 /* TaskFerryRuntime.swift */,
				C0D8A31A625D40F1F46273FE /* TaskFerryURL.swift */,
				0A48421F551E6D43793CFE8E /* UpdateManager.swift */,
			);
			path = Services;
			sourceTree = "<group>";
		};
/* End PBXGroup section */

/* Begin PBXNativeTarget section */
		0118FA96DEFFB2497E91473B /* TaskFerryTests */ = {
			isa = PBXNativeTarget;
			buildConfigurationList = 50772F5DA0B72F646768DE11 /* Build configuration list for PBXNativeTarget "TaskFerryTests" */;
			buildPhases = (
				EC9A32C7C8B8BB2B760EBBA0 /* Sources */,
			);
			buildRules = (
			);
			dependencies = (
			);
			name = TaskFerryTests;
			packageProductDependencies = (
			);
			productName = TaskFerryTests;
			productReference = 38D57A550FC237BC4319BCC7 /* TaskFerryTests.xctest */;
			productType = "com.apple.product-type.bundle.unit-test";
		};
		996EA4CDF40544C43F34DBC0 /* TaskFerry */ = {
			isa = PBXNativeTarget;
			buildConfigurationList = EAF9110E20F9F8B8D8959E4A /* Build configuration list for PBXNativeTarget "TaskFerry" */;
			buildPhases = (
				B0D3C678E00956822D4B95A3 /* Sources */,
				B1D65B6996163E3D3E6E0C45 /* Resources */,
				DC04F2A6C3B955A2661E53DC /* CopyFiles */,
				91B6BEA1D0EC0DBE1BC52C4A /* Frameworks */,
				93644FE204A0196596330701 /* Sign Cloudflare connector */,
			);
			buildRules = (
			);
			dependencies = (
			);
			name = TaskFerry;
			packageProductDependencies = (
				9BDB648E3C2CA1E7A4CC907B /* Sparkle */,
			);
			productName = TaskFerry;
			productReference = 6CE2147564AB064353F50CA0 /* TaskFerry.app */;
			productType = "com.apple.product-type.application";
		};
/* End PBXNativeTarget section */

/* Begin PBXProject section */
		41A7146869F201C619C134EA /* Project object */ = {
			isa = PBXProject;
			attributes = {
				BuildIndependentTargetsInParallel = YES;
				LastUpgradeCheck = 1430;
				TargetAttributes = {
					0118FA96DEFFB2497E91473B = {
						ProvisioningStyle = Automatic;
					};
					996EA4CDF40544C43F34DBC0 = {
						ProvisioningStyle = Automatic;
					};
				};
			};
			buildConfigurationList = 379B5CA90CCDDC7A9A0DFDB1 /* Build configuration list for PBXProject "TaskFerry" */;
			developmentRegion = en;
			hasScannedForEncodings = 0;
			knownRegions = (
				Base,
				en,
			);
			mainGroup = 3CD2DAC7A9C087AD5B593D6F;
			minimizedProjectReferenceProxies = 1;
			packageReferences = (
				2D897C6D2EB27E5D8B15380F /* XCRemoteSwiftPackageReference "Sparkle" */,
			);
			preferredProjectObjectVersion = 77;
			productRefGroup = DECCA17EBEE7111C2D45738D /* Products */;
			projectDirPath = "";
			projectRoot = "";
			targets = (
				996EA4CDF40544C43F34DBC0 /* TaskFerry */,
				0118FA96DEFFB2497E91473B /* TaskFerryTests */,
			);
		};
/* End PBXProject section */

/* Begin PBXResourcesBuildPhase section */
		B1D65B6996163E3D3E6E0C45 /* Resources */ = {
			isa = PBXResourcesBuildPhase;
			buildActionMask = 2147483647;
			files = (
				0AE39A8C6052D8549BC5D91A /* Assets.xcassets in Resources */,
				61AFAAC7AB8674A99503BF6F /* Credits.rtf in Resources */,
				8AC29D14F204E4EECCDA4863 /* cloudflared-LICENSE in Resources */,
			);
			runOnlyForDeploymentPostprocessing = 0;
		};
/* End PBXResourcesBuildPhase section */

/* Begin PBXShellScriptBuildPhase section */
		93644FE204A0196596330701 /* Sign Cloudflare connector */ = {
			isa = PBXShellScriptBuildPhase;
			alwaysOutOfDate = 1;
			buildActionMask = 2147483647;
			files = (
			);
			inputFileListPaths = (
			);
			inputPaths = (
				"$(TARGET_BUILD_DIR)/$(EXECUTABLE_FOLDER_PATH)/cloudflared",
			);
			name = "Sign Cloudflare connector";
			outputFileListPaths = (
			);
			outputPaths = (
			);
			runOnlyForDeploymentPostprocessing = 0;
			shellPath = /bin/sh;
			shellScript = "\"$SRCROOT/scripts/sign-cloudflared.sh\" \\\n  \"$TARGET_BUILD_DIR/$EXECUTABLE_FOLDER_PATH/cloudflared\" \\\n  \"${EXPANDED_CODE_SIGN_IDENTITY:--}\" \\\n  \"$CONFIGURATION\"\n";
		};
/* End PBXShellScriptBuildPhase section */

/* Begin PBXSourcesBuildPhase section */
		B0D3C678E00956822D4B95A3 /* Sources */ = {
			isa = PBXSourcesBuildPhase;
			buildActionMask = 2147483647;
			files = (
				7DC03AD5AD1C39CBA4D1CE74 /* AppState.swift in Sources */,
				2DE89CA26E323292ADBAC168 /* BridgeServer.swift in Sources */,
				851AD0D4B8C07FE30EA9412E /* CloudflareAPIClient.swift in Sources */,
				D1EB965E65AE3F3206B64A8A /* CloudflareModels.swift in Sources */,
				A365DA4E95FCF86A6F8DC094 /* CloudflareOAuthClient.swift in Sources */,
				59A182624B1D47885EB65699 /* CloudflareSetupView.swift in Sources */,
				B26B1D52B0A67BD4A006169D /* CloudflareTunnelConnector.swift in Sources */,
				AAA32510EFAD3A5287839414 /* CredentialStore.swift in Sources */,
				C61908B77BF3ADEC599B2915 /* DemoReminderService.swift in Sources */,
				125DA0BE7D79D586EF8F4AD8 /* EventKitReminderService.swift in Sources */,
				F0B937752ED20EED3C02059E /* GlobalHotKey.swift in Sources */,
				1AF06B81E5CD3ED2288CC848 /* KeychainStore.swift in Sources */,
				AFA58BD43FDE8A083FC67AB1 /* ListEditorSheet.swift in Sources */,
				29513C903C9A522C30F14C3E /* MenuRootView.swift in Sources */,
				1038DA6E95E524F84B539FB9 /* Models.swift in Sources */,
				3B18B11D0A030BBA15951BA2 /* Pasteboard.swift in Sources */,
				55EA72E0684B701949631C43 /* QuickEntryPanelController.swift in Sources */,
				4EAC55537DF9CE105F6647E6 /* QuickEntryView.swift in Sources */,
				5ECDE37D0A09C19EDB9E7688 /* ReminderDetailView.swift in Sources */,
				33E2C016D284FD4FA8F06763 /* ReminderEditSession.swift in Sources */,
				9DF8CAB1820D7C3EB204F689 /* ReminderNotificationPlan.swift in Sources */,
				96C1BEED124B32F2E3EC1ACE /* ReminderNotificationScheduler.swift in Sources */,
				611CA3FB9E6CA3C3D09A43E2 /* ReminderOperationCoordinator.swift in Sources */,
				635F25F0AA2AD2FB3D605B65 /* ReminderPresentation.swift in Sources */,
				385A5F1D577D4B3156E0A10F /* ReminderService.swift in Sources */,
				931A84C3686629DCC7464B0B /* ReminderUndo.swift in Sources */,
				6C0229996D94D09A067DE55B /* RemindersWorkspaceView.swift in Sources */,
				55C7A0722A9A58FF97E6C702 /* RemoteConfiguration.swift in Sources */,
				76C95316DC0973F18C5790E0 /* RemoteReminderService.swift in Sources */,
				B8B180C52C549F6FDEE7B6C2 /* RequestLedger.swift in Sources */,
				632C43D8160611B1D4FF3207 /* ServicesProvider.swift in Sources */,
				9032C35F6E06A12A8ADD629C /* SettingsView.swift in Sources */,
				6B20BCDD8A0AB7BC45913B63 /* SnapshotCache.swift in Sources */,
				03D85DB50A0167E0E0361009 /* TaskFerryApp.swift in Sources */,
				EACEBEE9B6E5EAC5BDD3A044 /* TaskFerryIntents.swift in Sources */,
				4FFD5FAEA672A96C4AA98F21 /* TaskFerryRuntime.swift in Sources */,
				E4206DBA96F9592C0BBDA32F /* TaskFerryTheme.swift in Sources */,
				DA35B2A48EA79949271C1BAA /* TaskFerryURL.swift in Sources */,
				60139F50181F73F7F9C34D5B /* UpdateManager.swift in Sources */,
				3F08DBEB2EAC14B05BFBC2B9 /* WindowRouter.swift in Sources */,
			);
			runOnlyForDeploymentPostprocessing = 0;
		};
		EC9A32C7C8B8BB2B760EBBA0 /* Sources */ = {
			isa = PBXSourcesBuildPhase;
			buildActionMask = 2147483647;
			files = (
				A12E488D755416D3440C41C5 /* AppState.swift in Sources */,
				F3D28366C540A872F5CB4D06 /* AppStateTests.swift in Sources */,
				019DA8B69F9303A895B4E5A5 /* BridgeServer.swift in Sources */,
				3758D69A02A06CA667C2DC6B /* BridgeServerIntegrationTests.swift in Sources */,
				331D68E426A507C9820BB001 /* BridgeTokenTests.swift in Sources */,
				8918D1DF896DBCBB169D1606 /* CloudflareAPIClient.swift in Sources */,
				07C7D422EC5FE4EE51F3FBC8 /* CloudflareModels.swift in Sources */,
				CB6D43C933CE91E6150B098C /* CloudflareOAuthClient.swift in Sources */,
				E172146E8E790D4D37CF7B20 /* CloudflareTests.swift in Sources */,
				F11A50F22A415A64B966B785 /* CloudflareTunnelConnector.swift in Sources */,
				971DD854DD2C55F0E7F8A32F /* CredentialStore.swift in Sources */,
				3536FB1D4DC136361C402B0A /* CredentialStoreTests.swift in Sources */,
				1B74507B888D54FC1AC84041 /* DemoIsolationTests.swift in Sources */,
				42941DCF8A89F95A7A5F41BD /* DemoReminderService.swift in Sources */,
				2758D8D63208F994FB8C4218 /* DemoReminderServiceTests.swift in Sources */,
				E01CC0B263CFE3D76956CF34 /* EventKitReminderService.swift in Sources */,
				5315BF8EB1A3E531F71BBFE5 /* KeychainStore.swift in Sources */,
				345B0169000F29C43930EDCD /* Models.swift in Sources */,
				759C0A0C64285C39BA1C8E61 /* ProtocolTests.swift in Sources */,
				BA2344E69EDE38626F17C077 /* ReliabilityTests.swift in Sources */,
				D48C3A3DEDFEF7DB8B6EAB80 /* ReminderDueTests.swift in Sources */,
				1997E5404B0AEC358DE72827 /* ReminderEditSession.swift in Sources */,
				320340A1A2576C9626FC5138 /* ReminderEditSessionTests.swift in Sources */,
				A08264617B8C9577C605913C /* ReminderNotificationPlan.swift in Sources */,
				83F9F9BBC2AE59F4CD0F5A01 /* ReminderOperationCoordinator.swift in Sources */,
				E8B654C2DB0AC36967245EBB /* ReminderOperationCoordinatorTests.swift in Sources */,
				EEA9FF5882EED6956073BFE0 /* ReminderService.swift in Sources */,
				FA8AEA41EBEF47EFB2984699 /* ReminderUndo.swift in Sources */,
				1494A6C9ED1DAC1AEF256E0E /* ReminderUndoTests.swift in Sources */,
				F47299184C2F870E0B03566F /* RemoteConfiguration.swift in Sources */,
				577B7095F8D46939D2093AA7 /* RemoteConfigurationTests.swift in Sources */,
				EE6D3B8D0B7E2FE25C0512BE /* RemoteReminderService.swift in Sources */,
				CB7199DBB8559C40A5B7E28B /* RemoteResponseTests.swift in Sources */,
				DC13AC1AFD27D56AF5B30A88 /* RequestLedger.swift in Sources */,
				4D20FE0623130C553BBBE44B /* SnapshotCache.swift in Sources */,
				66F5008EA4F91DC992D690B7 /* TaskFerryRuntime.swift in Sources */,
				FCFA73213FFBBE9E42B1643C /* TaskFerryURL.swift in Sources */,
			);
			runOnlyForDeploymentPostprocessing = 0;
		};
/* End PBXSourcesBuildPhase section */

/* Begin XCBuildConfiguration section */
		123218ED6C8BE627D627D1B0 /* Release */ = {
			isa = XCBuildConfiguration;
			buildSettings = {
				ALWAYS_SEARCH_USER_PATHS = NO;
				CLANG_ANALYZER_NONNULL = YES;
				CLANG_ANALYZER_NUMBER_OBJECT_CONVERSION = YES_AGGRESSIVE;
				CLANG_CXX_LANGUAGE_STANDARD = "gnu++14";
				CLANG_CXX_LIBRARY = "libc++";
				CLANG_ENABLE_MODULES = YES;
				CLANG_ENABLE_OBJC_ARC = YES;
				CLANG_ENABLE_OBJC_WEAK = YES;
				CLANG_WARN_BLOCK_CAPTURE_AUTORELEASING = YES;
				CLANG_WARN_BOOL_CONVERSION = YES;
				CLANG_WARN_COMMA = YES;
				CLANG_WARN_CONSTANT_CONVERSION = YES;
				CLANG_WARN_DEPRECATED_OBJC_IMPLEMENTATIONS = YES;
				CLANG_WARN_DIRECT_OBJC_ISA_USAGE = YES_ERROR;
				CLANG_WARN_DOCUMENTATION_COMMENTS = YES;
				CLANG_WARN_EMPTY_BODY = YES;
				CLANG_WARN_ENUM_CONVERSION = YES;
				CLANG_WARN_INFINITE_RECURSION = YES;
				CLANG_WARN_INT_CONVERSION = YES;
				CLANG_WARN_NON_LITERAL_NULL_CONVERSION = YES;
				CLANG_WARN_OBJC_IMPLICIT_RETAIN_SELF = YES;
				CLANG_WARN_OBJC_LITERAL_CONVERSION = YES;
				CLANG_WARN_OBJC_ROOT_CLASS = YES_ERROR;
				CLANG_WARN_QUOTED_INCLUDE_IN_FRAMEWORK_HEADER = YES;
				CLANG_WARN_RANGE_LOOP_ANALYSIS = YES;
				CLANG_WARN_STRICT_PROTOTYPES = YES;
				CLANG_WARN_SUSPICIOUS_MOVE = YES;
				CLANG_WARN_UNGUARDED_AVAILABILITY = YES_AGGRESSIVE;
				CLANG_WARN_UNREACHABLE_CODE = YES;
				CLANG_WARN__DUPLICATE_METHOD_MATCH = YES;
				CODE_SIGN_STYLE = Automatic;
				COPY_PHASE_STRIP = NO;
				CURRENT_PROJECT_VERSION = 1;
				DEBUG_INFORMATION_FORMAT = "dwarf-with-dsym";
				ENABLE_NS_ASSERTIONS = NO;
				ENABLE_STRICT_OBJC_MSGSEND = YES;
				GCC_C_LANGUAGE_STANDARD = gnu11;
				GCC_NO_COMMON_BLOCKS = YES;
				GCC_WARN_64_TO_32_BIT_CONVERSION = YES;
				GCC_WARN_ABOUT_RETURN_TYPE = YES_ERROR;
				GCC_WARN_UNDECLARED_SELECTOR = YES;
				GCC_WARN_UNINITIALIZED_AUTOS = YES_AGGRESSIVE;
				GCC_WARN_UNUSED_FUNCTION = YES;
				GCC_WARN_UNUSED_VARIABLE = YES;
				MACOSX_DEPLOYMENT_TARGET = 14.0;
				MARKETING_VERSION = 0.1.15;
				MTL_ENABLE_DEBUG_INFO = NO;
				MTL_FAST_MATH = YES;
				PRODUCT_NAME = "$(TARGET_NAME)";
				SDKROOT = macosx;
				SWIFT_COMPILATION_MODE = wholemodule;
				SWIFT_OPTIMIZATION_LEVEL = "-O";
				SWIFT_STRICT_CONCURRENCY = complete;
				SWIFT_TREAT_WARNINGS_AS_ERRORS = YES;
				SWIFT_VERSION = 5.0;
				TASK_FERRY_CLOUDFLARE_OAUTH_CLIENT_ID = fcb358ecbd170213ce612c27de3b4cad;
			};
			name = Release;
		};
		2C72ED3DFA0E0E704ABA4962 /* Debug */ = {
			isa = XCBuildConfiguration;
			buildSettings = {
				BUNDLE_LOADER = "$(TEST_HOST)";
				COMBINE_HIDPI_IMAGES = YES;
				GENERATE_INFOPLIST_FILE = YES;
				LD_RUNPATH_SEARCH_PATHS = (
					"$(inherited)",
					"@executable_path/../Frameworks",
					"@loader_path/../Frameworks",
				);
				PRODUCT_BUNDLE_IDENTIFIER = com.merimerimeri.TaskFerryTests;
				SDKROOT = macosx;
				TEST_HOST = "";
			};
			name = Debug;
		};
		95E0B7696E8D42626B3A8DFC /* Release-Direct */ = {
			isa = XCBuildConfiguration;
			buildSettings = {
				ALWAYS_SEARCH_USER_PATHS = NO;
				CLANG_ANALYZER_NONNULL = YES;
				CLANG_ANALYZER_NUMBER_OBJECT_CONVERSION = YES_AGGRESSIVE;
				CLANG_CXX_LANGUAGE_STANDARD = "gnu++14";
				CLANG_CXX_LIBRARY = "libc++";
				CLANG_ENABLE_MODULES = YES;
				CLANG_ENABLE_OBJC_ARC = YES;
				CLANG_ENABLE_OBJC_WEAK = YES;
				CLANG_WARN_BLOCK_CAPTURE_AUTORELEASING = YES;
				CLANG_WARN_BOOL_CONVERSION = YES;
				CLANG_WARN_COMMA = YES;
				CLANG_WARN_CONSTANT_CONVERSION = YES;
				CLANG_WARN_DEPRECATED_OBJC_IMPLEMENTATIONS = YES;
				CLANG_WARN_DIRECT_OBJC_ISA_USAGE = YES_ERROR;
				CLANG_WARN_DOCUMENTATION_COMMENTS = YES;
				CLANG_WARN_EMPTY_BODY = YES;
				CLANG_WARN_ENUM_CONVERSION = YES;
				CLANG_WARN_INFINITE_RECURSION = YES;
				CLANG_WARN_INT_CONVERSION = YES;
				CLANG_WARN_NON_LITERAL_NULL_CONVERSION = YES;
				CLANG_WARN_OBJC_IMPLICIT_RETAIN_SELF = YES;
				CLANG_WARN_OBJC_LITERAL_CONVERSION = YES;
				CLANG_WARN_OBJC_ROOT_CLASS = YES_ERROR;
				CLANG_WARN_QUOTED_INCLUDE_IN_FRAMEWORK_HEADER = YES;
				CLANG_WARN_RANGE_LOOP_ANALYSIS = YES;
				CLANG_WARN_STRICT_PROTOTYPES = YES;
				CLANG_WARN_SUSPICIOUS_MOVE = YES;
				CLANG_WARN_UNGUARDED_AVAILABILITY = YES_AGGRESSIVE;
				CLANG_WARN_UNREACHABLE_CODE = YES;
				CLANG_WARN__DUPLICATE_METHOD_MATCH = YES;
				CODE_SIGN_STYLE = Automatic;
				COPY_PHASE_STRIP = NO;
				CURRENT_PROJECT_VERSION = 1;
				DEBUG_INFORMATION_FORMAT = "dwarf-with-dsym";
				ENABLE_NS_ASSERTIONS = NO;
				ENABLE_STRICT_OBJC_MSGSEND = YES;
				GCC_C_LANGUAGE_STANDARD = gnu11;
				GCC_NO_COMMON_BLOCKS = YES;
				GCC_WARN_64_TO_32_BIT_CONVERSION = YES;
				GCC_WARN_ABOUT_RETURN_TYPE = YES_ERROR;
				GCC_WARN_UNDECLARED_SELECTOR = YES;
				GCC_WARN_UNINITIALIZED_AUTOS = YES_AGGRESSIVE;
				GCC_WARN_UNUSED_FUNCTION = YES;
				GCC_WARN_UNUSED_VARIABLE = YES;
				MACOSX_DEPLOYMENT_TARGET = 14.0;
				MARKETING_VERSION = 0.1.15;
				MTL_ENABLE_DEBUG_INFO = NO;
				MTL_FAST_MATH = YES;
				PRODUCT_NAME = "$(TARGET_NAME)";
				SDKROOT = macosx;
				SWIFT_COMPILATION_MODE = wholemodule;
				SWIFT_OPTIMIZATION_LEVEL = "-O";
				SWIFT_STRICT_CONCURRENCY = complete;
				SWIFT_TREAT_WARNINGS_AS_ERRORS = YES;
				SWIFT_VERSION = 5.0;
				TASK_FERRY_CLOUDFLARE_OAUTH_CLIENT_ID = fcb358ecbd170213ce612c27de3b4cad;
			};
			name = "Release-Direct";
		};
		B0319EDDE43467C82CA2E812 /* Debug */ = {
			isa = XCBuildConfiguration;
			buildSettings = {
				ASSETCATALOG_COMPILER_APPICON_NAME = AppIcon;
				CODE_SIGN_ENTITLEMENTS = TaskFerry/TaskFerry.entitlements;
				COMBINE_HIDPI_IMAGES = YES;
				ENABLE_HARDENED_RUNTIME = YES;
				GENERATE_INFOPLIST_FILE = NO;
				INFOPLIST_FILE = TaskFerry/Info.plist;
				LD_RUNPATH_SEARCH_PATHS = (
					"$(inherited)",
					"@executable_path/../Frameworks",
				);
				PRODUCT_BUNDLE_IDENTIFIER = com.merimerimeri.TaskFerry.Debug;
				PRODUCT_NAME = TaskFerry;
				SDKROOT = macosx;
			};
			name = Debug;
		};
		BB6BED5488201C69CDC9484B /* Release-Direct */ = {
			isa = XCBuildConfiguration;
			buildSettings = {
				BUNDLE_LOADER = "$(TEST_HOST)";
				COMBINE_HIDPI_IMAGES = YES;
				GENERATE_INFOPLIST_FILE = YES;
				LD_RUNPATH_SEARCH_PATHS = (
					"$(inherited)",
					"@executable_path/../Frameworks",
					"@loader_path/../Frameworks",
				);
				PRODUCT_BUNDLE_IDENTIFIER = com.merimerimeri.TaskFerryTests;
				SDKROOT = macosx;
				TEST_HOST = "";
			};
			name = "Release-Direct";
		};
		BF2D989C8F192A9054EABC9B /* Release */ = {
			isa = XCBuildConfiguration;
			buildSettings = {
				BUNDLE_LOADER = "$(TEST_HOST)";
				COMBINE_HIDPI_IMAGES = YES;
				GENERATE_INFOPLIST_FILE = YES;
				LD_RUNPATH_SEARCH_PATHS = (
					"$(inherited)",
					"@executable_path/../Frameworks",
					"@loader_path/../Frameworks",
				);
				PRODUCT_BUNDLE_IDENTIFIER = com.merimerimeri.TaskFerryTests;
				SDKROOT = macosx;
				TEST_HOST = "";
			};
			name = Release;
		};
		C0CB9986F04F27E7A6DEA031 /* Release-Direct */ = {
			isa = XCBuildConfiguration;
			buildSettings = {
				ASSETCATALOG_COMPILER_APPICON_NAME = AppIcon;
				CODE_SIGN_ENTITLEMENTS = "TaskFerry/TaskFerry-Direct.entitlements";
				CODE_SIGN_INJECT_BASE_ENTITLEMENTS = NO;
				COMBINE_HIDPI_IMAGES = YES;
				ENABLE_HARDENED_RUNTIME = YES;
				GENERATE_INFOPLIST_FILE = NO;
				INFOPLIST_FILE = "TaskFerry/Info-Direct.plist";
				LD_RUNPATH_SEARCH_PATHS = (
					"$(inherited)",
					"@executable_path/../Frameworks",
				);
				PRODUCT_BUNDLE_IDENTIFIER = com.merimerimeri.TaskFerry;
				PRODUCT_NAME = TaskFerry;
				SDKROOT = macosx;
				SWIFT_ACTIVE_COMPILATION_CONDITIONS = "$(inherited) SPARKLE_ENABLED";
			};
			name = "Release-Direct";
		};
		DCFD477D9C711A727A1DBFFF /* Release */ = {
			isa = XCBuildConfiguration;
			buildSettings = {
				ASSETCATALOG_COMPILER_APPICON_NAME = AppIcon;
				CODE_SIGN_ENTITLEMENTS = TaskFerry/TaskFerry.entitlements;
				COMBINE_HIDPI_IMAGES = YES;
				ENABLE_HARDENED_RUNTIME = YES;
				GENERATE_INFOPLIST_FILE = NO;
				INFOPLIST_FILE = TaskFerry/Info.plist;
				LD_RUNPATH_SEARCH_PATHS = (
					"$(inherited)",
					"@executable_path/../Frameworks",
				);
				PRODUCT_BUNDLE_IDENTIFIER = com.merimerimeri.TaskFerry;
				PRODUCT_NAME = TaskFerry;
				SDKROOT = macosx;
			};
			name = Release;
		};
		E742E3A66C204386D294C2E1 /* Debug */ = {
			isa = XCBuildConfiguration;
			buildSettings = {
				ALWAYS_SEARCH_USER_PATHS = NO;
				CLANG_ANALYZER_NONNULL = YES;
				CLANG_ANALYZER_NUMBER_OBJECT_CONVERSION = YES_AGGRESSIVE;
				CLANG_CXX_LANGUAGE_STANDARD = "gnu++14";
				CLANG_CXX_LIBRARY = "libc++";
				CLANG_ENABLE_MODULES = YES;
				CLANG_ENABLE_OBJC_ARC = YES;
				CLANG_ENABLE_OBJC_WEAK = YES;
				CLANG_WARN_BLOCK_CAPTURE_AUTORELEASING = YES;
				CLANG_WARN_BOOL_CONVERSION = YES;
				CLANG_WARN_COMMA = YES;
				CLANG_WARN_CONSTANT_CONVERSION = YES;
				CLANG_WARN_DEPRECATED_OBJC_IMPLEMENTATIONS = YES;
				CLANG_WARN_DIRECT_OBJC_ISA_USAGE = YES_ERROR;
				CLANG_WARN_DOCUMENTATION_COMMENTS = YES;
				CLANG_WARN_EMPTY_BODY = YES;
				CLANG_WARN_ENUM_CONVERSION = YES;
				CLANG_WARN_INFINITE_RECURSION = YES;
				CLANG_WARN_INT_CONVERSION = YES;
				CLANG_WARN_NON_LITERAL_NULL_CONVERSION = YES;
				CLANG_WARN_OBJC_IMPLICIT_RETAIN_SELF = YES;
				CLANG_WARN_OBJC_LITERAL_CONVERSION = YES;
				CLANG_WARN_OBJC_ROOT_CLASS = YES_ERROR;
				CLANG_WARN_QUOTED_INCLUDE_IN_FRAMEWORK_HEADER = YES;
				CLANG_WARN_RANGE_LOOP_ANALYSIS = YES;
				CLANG_WARN_STRICT_PROTOTYPES = YES;
				CLANG_WARN_SUSPICIOUS_MOVE = YES;
				CLANG_WARN_UNGUARDED_AVAILABILITY = YES_AGGRESSIVE;
				CLANG_WARN_UNREACHABLE_CODE = YES;
				CLANG_WARN__DUPLICATE_METHOD_MATCH = YES;
				CODE_SIGN_STYLE = Automatic;
				COPY_PHASE_STRIP = NO;
				CURRENT_PROJECT_VERSION = 1;
				DEBUG_INFORMATION_FORMAT = dwarf;
				ENABLE_STRICT_OBJC_MSGSEND = YES;
				ENABLE_TESTABILITY = YES;
				GCC_C_LANGUAGE_STANDARD = gnu11;
				GCC_DYNAMIC_NO_PIC = NO;
				GCC_NO_COMMON_BLOCKS = YES;
				GCC_OPTIMIZATION_LEVEL = 0;
				GCC_PREPROCESSOR_DEFINITIONS = (
					"$(inherited)",
					"DEBUG=1",
				);
				GCC_WARN_64_TO_32_BIT_CONVERSION = YES;
				GCC_WARN_ABOUT_RETURN_TYPE = YES_ERROR;
				GCC_WARN_UNDECLARED_SELECTOR = YES;
				GCC_WARN_UNINITIALIZED_AUTOS = YES_AGGRESSIVE;
				GCC_WARN_UNUSED_FUNCTION = YES;
				GCC_WARN_UNUSED_VARIABLE = YES;
				MACOSX_DEPLOYMENT_TARGET = 14.0;
				MARKETING_VERSION = 0.1.15;
				MTL_ENABLE_DEBUG_INFO = INCLUDE_SOURCE;
				MTL_FAST_MATH = YES;
				ONLY_ACTIVE_ARCH = YES;
				PRODUCT_NAME = "$(TARGET_NAME)";
				SDKROOT = macosx;
				SWIFT_ACTIVE_COMPILATION_CONDITIONS = DEBUG;
				SWIFT_OPTIMIZATION_LEVEL = "-Onone";
				SWIFT_STRICT_CONCURRENCY = complete;
				SWIFT_TREAT_WARNINGS_AS_ERRORS = YES;
				SWIFT_VERSION = 5.0;
				TASK_FERRY_CLOUDFLARE_OAUTH_CLIENT_ID = fcb358ecbd170213ce612c27de3b4cad;
			};
			name = Debug;
		};
/* End XCBuildConfiguration section */

/* Begin XCConfigurationList section */
		379B5CA90CCDDC7A9A0DFDB1 /* Build configuration list for PBXProject "TaskFerry" */ = {
			isa = XCConfigurationList;
			buildConfigurations = (
				E742E3A66C204386D294C2E1 /* Debug */,
				123218ED6C8BE627D627D1B0 /* Release */,
				95E0B7696E8D42626B3A8DFC /* Release-Direct */,
			);
			defaultConfigurationIsVisible = 0;
			defaultConfigurationName = Debug;
		};
		50772F5DA0B72F646768DE11 /* Build configuration list for PBXNativeTarget "TaskFerryTests" */ = {
			isa = XCConfigurationList;
			buildConfigurations = (
				2C72ED3DFA0E0E704ABA4962 /* Debug */,
				BF2D989C8F192A9054EABC9B /* Release */,
				BB6BED5488201C69CDC9484B /* Release-Direct */,
			);
			defaultConfigurationIsVisible = 0;
			defaultConfigurationName = Debug;
		};
		EAF9110E20F9F8B8D8959E4A /* Build configuration list for PBXNativeTarget "TaskFerry" */ = {
			isa = XCConfigurationList;
			buildConfigurations = (
				B0319EDDE43467C82CA2E812 /* Debug */,
				DCFD477D9C711A727A1DBFFF /* Release */,
				C0CB9986F04F27E7A6DEA031 /* Release-Direct */,
			);
			defaultConfigurationIsVisible = 0;
			defaultConfigurationName = Debug;
		};
/* End XCConfigurationList section */

/* Begin XCRemoteSwiftPackageReference section */
		2D897C6D2EB27E5D8B15380F /* XCRemoteSwiftPackageReference "Sparkle" */ = {
			isa = XCRemoteSwiftPackageReference;
			repositoryURL = "https://github.com/sparkle-project/Sparkle";
			requirement = {
				kind = upToNextMajorVersion;
				minimumVersion = 2.9.4;
			};
		};
/* End XCRemoteSwiftPackageReference section */

/* Begin XCSwiftPackageProductDependency section */
		9BDB648E3C2CA1E7A4CC907B /* Sparkle */ = {
			isa = XCSwiftPackageProductDependency;
			package = 2D897C6D2EB27E5D8B15380F /* XCRemoteSwiftPackageReference "Sparkle" */;
			productName = Sparkle;
		};
/* End XCSwiftPackageProductDependency section */
	};
	rootObject = 41A7146869F201C619C134EA /* Project object */;
}
